
Microsoft Visual Studio Solution File, Format Version 12.00
# Visual Studio 15
VisualStudioVersion = 15.0.26124.0
MinimumVisualStudioVersion = 15.0.26124.0
Project("{FAE04EC0-301F-11D3-BF4B-00C04F79EFBC}") = "GameTOP", "GameTOP\GameTOP.csproj", "{1F022D90-6984-4FE6-ABE9-01306A4FB973}"
EndProject
Project("{FAE04EC0-301F-11D3-BF4B-00C04F79EFBC}") = "GameTOP.Lib", "GameTOP.Lib\GameTOP.Lib.csproj", "{8ABF56CD-84B1-4062-B7FF-D2910023C9E0}"
EndProject
Project("{FAE04EC0-301F-11D3-BF4B-00C04F79EFBC}") = "GameTOP.Interface", "GameTOP.Interface\GameTOP.Interface.csproj", "{67D9AD0D-01CA-4476-B7AF-ED1C886BAEEF}"
EndProject
Global
	GlobalSection(SolutionConfigurationPlatforms) = preSolution
		Debug|Any CPU = Debug|Any CPU
		Debug|x64 = Debug|x64
		Debug|x86 = Debug|x86
		Release|Any CPU = Release|Any CPU
		Release|x64 = Release|x64
		Release|x86 = Release|x86
	EndGlobalSection
	GlobalSection(SolutionProperties) = preSolution
		HideSolutionNode = FALSE
	EndGlobalSection
	GlobalSection(ProjectConfigurationPlatforms) = postSolution
		{1F022D90-6984-4FE6-ABE9-01306A4FB973}.Debug|Any CPU.ActiveCfg = Debug|Any CPU
		{1F022D90-6984-4FE6-ABE9-01306A4FB973}.Debug|Any CPU.Build.0 = Debug|Any CPU
		{1F022D90-6984-4FE6-ABE9-01306A4FB973}.Debug|x64.ActiveCfg = Debug|Any CPU
		{1F022D90-6984-4FE6-ABE9-01306A4FB973}.Debug|x64.Build.0 = Debug|Any CPU
		{1F022D90-6984-4FE6-ABE9-01306A4FB973}.Debug|x86.ActiveCfg = Debug|Any CPU
		{1F022D90-6984-4FE6-ABE9-01306A4FB973}.Debug|x86.Build.0 = Debug|Any CPU
		{1F022D90-6984-4FE6-ABE9-01306A4FB973}.Release|Any CPU.ActiveCfg = Release|Any CPU
		{1F022D90-6984-4FE6-ABE9-01306A4FB973}.Release|Any CPU.Build.0 = Release|Any CPU
		{1F022D90-6984-4FE6-ABE9-01306A4FB973}.Release|x64.ActiveCfg = Release|Any CPU
		{1F022D90-6984-4FE6-ABE9-01306A4FB973}.Release|x64.Build.0 = Release|Any CPU
		{1F022D90-6984-4FE6-ABE9-01306A4FB973}.Release|x86.ActiveCfg = Release|Any CPU
		{1F022D90-6984-4FE6-ABE9-01306A4FB973}.Release|x86.Build.0 = Release|Any CPU
		{8ABF56CD-84B1-4062-B7FF-D2910023C9E0}.Debug|Any CPU.ActiveCfg = Debug|Any CPU
		{8ABF56CD-84B1-4062-B7FF-D2910023C9E0}.Debug|Any CPU.Build.0 = Debug|Any CPU
		{8ABF56CD-84B1-4062-B7FF-D2910023C9E0}.Debug|x64.ActiveCfg = Debug|Any CPU
		{8ABF56CD-84B1-4062-B7FF-D2910023C9E0}.Debug|x64.Build.0 = Debug|Any CPU
		{8ABF56CD-84B1-4062-B7FF-D2910023C9E0}.Debug|x86.ActiveCfg = Debug|Any CPU
		{8ABF56CD-84B1-4062-B7FF-D2910023C9E0}.Debug|x86.Build.0 = Debug|Any CPU
		{8ABF56CD-84B1-4062-B7FF-D2910023C9E0}.Release|Any CPU.ActiveCfg = Release|Any CPU
		{8ABF56CD-84B1-4062-B7FF-D2910023C9E0}.Release|Any CPU.Build.0 = Release|Any CPU
		{8ABF56CD-84B1-4062-B7FF-D2910023C9E0}.Release|x64.ActiveCfg = Release|Any CPU
		{8ABF56CD-84B1-4062-B7FF-D2910023C9E0}.Release|x64.Build.0 = Release|Any CPU
		{8ABF56CD-84B1-4062-B7FF-D2910023C9E0}.Release|x86.ActiveCfg = Release|Any CPU
		{8ABF56CD-84B1-4062-B7FF-D2910023C9E0}.Release|x86.Build.0 = Release|Any CPU
		{67D9AD0D-01CA-4476-B7AF-ED1C886BAEEF}.Debug|Any CPU.ActiveCfg = Debug|Any CPU
		{67D9AD0D-01CA-4476-B7AF-ED1C886BAEEF}.Debug|Any CPU.Build.0 = Debug|Any CPU
		{67D9AD0D-01CA-4476-B7AF-ED1C886BAEEF}.Debug|x64.ActiveCfg = Debug|Any CPU
		{67D9AD0D-01CA-4476-B7AF-ED1C886BAEEF}.Debug|x64.Build.0 = Debug|Any CPU
		{67D9AD0D-01CA-4476-B7AF-ED1C886BAEEF}.Debug|x86.ActiveCfg = Debug|Any CPU
		{67D9AD0D-01CA-4476-B7AF-ED1C886BAEEF}.Debug|x86.Build.0 = Debug|Any CPU
		{67D9AD0D-01CA-4476-B7AF-ED1C886BAEEF}.Release|Any CPU.ActiveCfg = Release|Any CPU
		{67D9AD0D-01CA-4476-B7AF-ED1C886BAEEF}.Release|Any CPU.Build.0 = Release|Any CPU
		{67D9AD0D-01CA-4476-B7AF-ED1C886BAEEF}.Release|x64.ActiveCfg = Release|Any CPU
		{67D9AD0D-01CA-4476-B7AF-ED1C886BAEEF}.Release|x64.Build.0 = Release|Any CPU
		{67D9AD0D-01CA-4476-B7AF-ED1C886BAEEF}.Release|x86.ActiveCfg = Release|Any CPU
		{67D9AD0D-01CA-4476-B7AF-ED1C886BAEEF}.Release|x86.Build.0 = Release|Any CPU
	EndGlobalSection
EndGlobal
